
Microsoft Visual Studio Solution File, Format Version 12.00
# Visual Studio Version 17
VisualStudioVersion = 17.2.32516.85
MinimumVisualStudioVersion = 10.0.40219.1
Project("{FAE04EC0-301F-11D3-BF4B-00C04F79EFBC}") = "scriptForGenerateInfo", "scriptForGenerateInfo\scriptForGenerateInfo.csproj", "{BAA1BE98-0F8F-431D-8336-4285F0E25EBD}"
EndProject
Global
	GlobalSection(SolutionConfigurationPlatforms) = preSolution
		Debug|Any CPU = Debug|Any CPU
		Release|Any CPU = Release|Any CPU
	EndGlobalSection
	GlobalSection(ProjectConfigurationPlatforms) = postSolution
		{BAA1BE98-0F8F-431D-8336-4285F0E25EBD}.Debug|Any CPU.ActiveCfg = Debug|Any CPU
		{BAA1BE98-0F8F-431D-8336-4285F0E25EBD}.Debug|Any CPU.Build.0 = Debug|Any CPU
		{BAA1BE98-0F8F-431D-8336-4285F0E25EBD}.Release|Any CPU.ActiveCfg = Release|Any CPU
		{BAA1BE98-0F8F-431D-8336-4285F0E25EBD}.Release|Any CPU.Build.0 = Release|Any CPU
	EndGlobalSection
	GlobalSection(SolutionProperties) = preSolution
		HideSolutionNode = FALSE
	EndGlobalSection
	GlobalSection(ExtensibilityGlobals) = postSolution
		SolutionGuid = {8C118A9E-2F0C-4717-95CE-42938DBB4183}
	EndGlobalSection
EndGlobal
